
Microsoft Visual Studio Solution File, Format Version 12.00
# Visual Studio 15
VisualStudioVersion = 15.0.27703.2035
MinimumVisualStudioVersion = 10.0.40219.1
Project("{FAE04EC0-301F-11D3-BF4B-00C04F79EFBC}") = "NpvSpaApplication", "NpvSpaApplication\NpvSpaApplication.csproj", "{3C8BA84C-35B3-4159-A18C-1965641F1ABE}"
EndProject
Project("{FAE04EC0-301F-11D3-BF4B-00C04F79EFBC}") = "NpvSpaApplication.Tests", "NpvSpaApplication.Tests\NpvSpaApplication.Tests.csproj", "{450C62AD-C8D1-4E65-B2B6-F13897A40438}"
EndProject
Global
	GlobalSection(SolutionConfigurationPlatforms) = preSolution
		Debug|Any CPU = Debug|Any CPU
		Release|Any CPU = Release|Any CPU
	EndGlobalSection
	GlobalSection(ProjectConfigurationPlatforms) = postSolution
		{3C8BA84C-35B3-4159-A18C-1965641F1ABE}.Debug|Any CPU.ActiveCfg = Debug|Any CPU
		{3C8BA84C-35B3-4159-A18C-1965641F1ABE}.Debug|Any CPU.Build.0 = Debug|Any CPU
		{3C8BA84C-35B3-4159-A18C-1965641F1ABE}.Release|Any CPU.ActiveCfg = Release|Any CPU
		{3C8BA84C-35B3-4159-A18C-1965641F1ABE}.Release|Any CPU.Build.0 = Release|Any CPU
		{450C62AD-C8D1-4E65-B2B6-F13897A40438}.Debug|Any CPU.ActiveCfg = Debug|Any CPU
		{450C62AD-C8D1-4E65-B2B6-F13897A40438}.Debug|Any CPU.Build.0 = Debug|Any CPU
		{450C62AD-C8D1-4E65-B2B6-F13897A40438}.Release|Any CPU.ActiveCfg = Release|Any CPU
		{450C62AD-C8D1-4E65-B2B6-F13897A40438}.Release|Any CPU.Build.0 = Release|Any CPU
	EndGlobalSection
	GlobalSection(SolutionProperties) = preSolution
		HideSolutionNode = FALSE
	EndGlobalSection
	GlobalSection(ExtensibilityGlobals) = postSolution
		SolutionGuid = {1F6F3D39-FAA7-4ABE-9B28-3FC8697953F5}
	EndGlobalSection
EndGlobal
